
Microsoft Visual Studio Solution File, Format Version 12.00
# Visual Studio 15
VisualStudioVersion = 15.0.27130.2003
MinimumVisualStudioVersion = 10.0.40219.1
Project("{FAE04EC0-301F-11D3-BF4B-00C04F79EFBC}") = "test", "test\test.csproj", "{DA18E1A3-297D-4D3E-B73D-62B8A35FA61C}"
EndProject
Global
	GlobalSection(SolutionConfigurationPlatforms) = preSolution
		Debug|Any CPU = Debug|Any CPU
		Release|Any CPU = Release|Any CPU
	EndGlobalSection
	GlobalSection(ProjectConfigurationPlatforms) = postSolution
		{DA18E1A3-297D-4D3E-B73D-62B8A35FA61C}.Debug|Any CPU.ActiveCfg = Debug|Any CPU
		{DA18E1A3-297D-4D3E-B73D-62B8A35FA61C}.Debug|Any CPU.Build.0 = Debug|Any CPU
		{DA18E1A3-297D-4D3E-B73D-62B8A35FA61C}.Release|Any CPU.ActiveCfg = Release|Any CPU
		{DA18E1A3-297D-4D3E-B73D-62B8A35FA61C}.Release|Any CPU.Build.0 = Release|Any CPU
	EndGlobalSection
	GlobalSection(SolutionProperties) = preSolution
		HideSolutionNode = FALSE
	EndGlobalSection
	GlobalSection(ExtensibilityGlobals) = postSolution
		SolutionGuid = {B8369C35-3735-4E1E-A4C5-E450C2BF5BA3}
	EndGlobalSection
EndGlobal
